Microsoft Visual Studio Solution File, Format Version 12.00
# Visual Studio Version 16
VisualStudioVersion = 16.0.29503.13
MinimumVisualStudioVersion = 10.0.40219.1
Project("{9092AA53-FB77-4645-B42D-1CCCA6BD08BD}") = "Project8", "Project8.njsproj", "{3885C987-EB04-45B0-BD8E-4378E25607C4}"
EndProject
Global
	GlobalSection(SolutionConfigurationPlatforms) = preSolution
		Debug|Any CPU = Debug|Any CPU
		Release|Any CPU = Release|Any CPU
	EndGlobalSection
	GlobalSection(ProjectConfigurationPlatforms) = postSolution
		{3885C987-EB04-45B0-BD8E-4378E25607C4}.Debug|Any CPU.ActiveCfg = Debug|Any CPU
		{3885C987-EB04-45B0-BD8E-4378E25607C4}.Debug|Any CPU.Build.0 = Debug|Any CPU
		{3885C987-EB04-45B0-BD8E-4378E25607C4}.Release|Any CPU.ActiveCfg = Release|Any CPU
		{3885C987-EB04-45B0-BD8E-4378E25607C4}.Release|Any CPU.Build.0 = Release|Any CPU
	EndGlobalSection
	GlobalSection(SolutionProperties) = preSolution
		HideSolutionNode = FALSE
	EndGlobalSection
	GlobalSection(ExtensibilityGlobals) = postSolution
		SolutionGuid = {E41E58A7-6B3E-4956-81C5-7B181AFC4737}
	EndGlobalSection
EndGlobal
